
Microsoft Visual Studio Solution File, Format Version 12.00
# Visual Studio Version 17
VisualStudioVersion = 17.13.35931.197
MinimumVisualStudioVersion = 10.0.40219.1
Project("{FAE04EC0-301F-11D3-BF4B-00C04F79EFBC}") = "NetDbMockApp", "NetDbMockApp.csproj", "{819D92DD-8F33-40EC-A126-7F4A1E4C7CF9}"
EndProject
Project("{FAE04EC0-301F-11D3-BF4B-00C04F79EFBC}") = "NetDbMockTests", "..\NetDbMockTests\NetDbMockTests.csproj", "{A55C2087-1041-4885-A7C0-FDE68238A999}"
EndProject
Project("{2150E333-8FDC-42A3-9474-1A3956D46DE8}") = "Solution Items", "Solution Items", "{8EC462FD-D22E-90A8-E5CE-7E832BA40C5D}"
	ProjectSection(SolutionItems) = preProject
		app.config = app.config
	EndProjectSection
EndProject
Global
	GlobalSection(SolutionConfigurationPlatforms) = preSolution
		Debug|Any CPU = Debug|Any CPU
		Release|Any CPU = Release|Any CPU
	EndGlobalSection
	GlobalSection(ProjectConfigurationPlatforms) = postSolution
		{819D92DD-8F33-40EC-A126-7F4A1E4C7CF9}.Debug|Any CPU.ActiveCfg = Debug|Any CPU
		{819D92DD-8F33-40EC-A126-7F4A1E4C7CF9}.Debug|Any CPU.Build.0 = Debug|Any CPU
		{819D92DD-8F33-40EC-A126-7F4A1E4C7CF9}.Release|Any CPU.ActiveCfg = Release|Any CPU
		{819D92DD-8F33-40EC-A126-7F4A1E4C7CF9}.Release|Any CPU.Build.0 = Release|Any CPU
		{A55C2087-1041-4885-A7C0-FDE68238A999}.Debug|Any CPU.ActiveCfg = Debug|Any CPU
		{A55C2087-1041-4885-A7C0-FDE68238A999}.Debug|Any CPU.Build.0 = Debug|Any CPU
		{A55C2087-1041-4885-A7C0-FDE68238A999}.Release|Any CPU.ActiveCfg = Release|Any CPU
		{A55C2087-1041-4885-A7C0-FDE68238A999}.Release|Any CPU.Build.0 = Release|Any CPU
	EndGlobalSection
	GlobalSection(SolutionProperties) = preSolution
		HideSolutionNode = FALSE
	EndGlobalSection
	GlobalSection(ExtensibilityGlobals) = postSolution
		SolutionGuid = {AA96105A-B672-4112-8F95-B90391B6319F}
	EndGlobalSection
EndGlobal
